
Microsoft Visual Studio Solution File, Format Version 12.00
# Visual Studio Version 17
VisualStudioVersion = 17.0.31903.59
MinimumVisualStudioVersion = 10.0.40219.1
Project("{2150E333-8FDC-42A3-9474-1A3956D46DE8}") = "src", "src", "{57A8F554-A73F-4F24-A5A4-462195BC7638}"
EndProject
Project("{2150E333-8FDC-42A3-9474-1A3956D46DE8}") = "backend", "backend", "{0D99D68F-C49E-4097-B220-16535D4198E5}"
EndProject
Project("{FAE04EC0-301F-11D3-BF4B-00C04F79EFBC}") = "Players.API", "src\backend\Players.API\Players.API.csproj", "{247D13EB-8314-4F96-9C84-E41ADFE1EF80}"
EndProject
Global
	GlobalSection(SolutionConfigurationPlatforms) = preSolution
		Debug|Any CPU = Debug|Any CPU
		Release|Any CPU = Release|Any CPU
	EndGlobalSection
	GlobalSection(SolutionProperties) = preSolution
		HideSolutionNode = FALSE
	EndGlobalSection
	GlobalSection(ProjectConfigurationPlatforms) = postSolution
		{247D13EB-8314-4F96-9C84-E41ADFE1EF80}.Debug|Any CPU.ActiveCfg = Debug|Any CPU
		{247D13EB-8314-4F96-9C84-E41ADFE1EF80}.Debug|Any CPU.Build.0 = Debug|Any CPU
		{247D13EB-8314-4F96-9C84-E41ADFE1EF80}.Release|Any CPU.ActiveCfg = Release|Any CPU
		{247D13EB-8314-4F96-9C84-E41ADFE1EF80}.Release|Any CPU.Build.0 = Release|Any CPU
	EndGlobalSection
	GlobalSection(NestedProjects) = preSolution
		{0D99D68F-C49E-4097-B220-16535D4198E5} = {57A8F554-A73F-4F24-A5A4-462195BC7638}
		{247D13EB-8314-4F96-9C84-E41ADFE1EF80} = {0D99D68F-C49E-4097-B220-16535D4198E5}
	EndGlobalSection
EndGlobal
